
Microsoft Visual Studio Solution File, Format Version 12.00
# Visual Studio 15
VisualStudioVersion = 15.0.27428.2037
MinimumVisualStudioVersion = 10.0.40219.1
Project("{FAE04EC0-301F-11D3-BF4B-00C04F79EFBC}") = "AnaProje", "AnaProje\AnaProje.csproj", "{B02975DC-500E-4F61-AA3D-9A6489CB4A36}"
EndProject
Project("{FAE04EC0-301F-11D3-BF4B-00C04F79EFBC}") = "Proje", "Proje\Proje.csproj", "{DE0098A4-5A20-4D5A-8642-F34534DEFDD4}"
EndProject
Global
	GlobalSection(SolutionConfigurationPlatforms) = preSolution
		Debug|Any CPU = Debug|Any CPU
		Release|Any CPU = Release|Any CPU
	EndGlobalSection
	GlobalSection(ProjectConfigurationPlatforms) = postSolution
		{B02975DC-500E-4F61-AA3D-9A6489CB4A36}.Debug|Any CPU.ActiveCfg = Debug|Any CPU
		{B02975DC-500E-4F61-AA3D-9A6489CB4A36}.Debug|Any CPU.Build.0 = Debug|Any CPU
		{B02975DC-500E-4F61-AA3D-9A6489CB4A36}.Release|Any CPU.ActiveCfg = Release|Any CPU
		{B02975DC-500E-4F61-AA3D-9A6489CB4A36}.Release|Any CPU.Build.0 = Release|Any CPU
		{DE0098A4-5A20-4D5A-8642-F34534DEFDD4}.Debug|Any CPU.ActiveCfg = Debug|Any CPU
		{DE0098A4-5A20-4D5A-8642-F34534DEFDD4}.Debug|Any CPU.Build.0 = Debug|Any CPU
		{DE0098A4-5A20-4D5A-8642-F34534DEFDD4}.Release|Any CPU.ActiveCfg = Release|Any CPU
		{DE0098A4-5A20-4D5A-8642-F34534DEFDD4}.Release|Any CPU.Build.0 = Release|Any CPU
	EndGlobalSection
	GlobalSection(SolutionProperties) = preSolution
		HideSolutionNode = FALSE
	EndGlobalSection
	GlobalSection(ExtensibilityGlobals) = postSolution
		SolutionGuid = {4AA0C13D-92B2-4C49-9086-0C1F9743538E}
	EndGlobalSection
EndGlobal
